// !$*UTF8*$!
{
	archiveVersion = 1;
	classes = {
	};
	objectVersion = 50;
	objects = {

/* Begin PBXBuildFile section */
		3A68F1212596122400D4BB52 /* RandomViewController.swift in Sources */ = {isa = PBXBuildFile; fileRef = 3A68F1202596122400D4BB52 /* RandomViewController.swift */; };
		3A9CE3EB25932A75007DB767 /* AppDelegate.swift in Sources */ = {isa = PBXBuildFile; fileRef = 3A9CE3EA25932A75007DB767 /* AppDelegate.swift */; };
		3A9CE3ED25932A75007DB767 /* SceneDelegate.swift in Sources */ = {isa = PBXBuildFile; fileRef = 3A9CE3EC25932A75007DB767 /* SceneDelegate.swift */; };
		3A9CE3EF25932A75007DB767 /* ViewController.swift in Sources */ = {isa = PBXBuildFile; fileRef = 3A9CE3EE25932A75007DB767 /* ViewController.swift */; };
		3A9CE3F225932A75007DB767 /* Main.storyboard in Resources */ = {isa = PBXBuildFile; fileRef = 3A9CE3F025932A75007DB767 /* Main.storyboard */; };
		3A9CE3F425932A79007DB767 /* Assets.xcassets in Resources */ = {isa = PBXBuildFile; fileRef = 3A9CE3F325932A79007DB767 /* Assets.xcassets */; };
		3A9CE3F725932A79007DB767 /* LaunchScreen.storyboard in Resources */ = {isa = PBXBuildFile; fileRef = 3A9CE3F525932A79007DB767 /* LaunchScreen.storyboard */; };
		3A9CE40225932A79007DB767 /* TestPicsumAppTests.swift in Sources */ = {isa = PBXBuildFile; fileRef = 3A9CE40125932A79007DB767 /* TestPicsumAppTests.swift */; };
		3A9CE40D25932B9C007DB767 /* PicsumImage.swift in Sources */ = {isa = PBXBuildFile; fileRef = 3A9CE40C25932B9C007DB767 /* PicsumImage.swift */; };
		3A9CE41025932BD6007DB767 /* PicsumService.swift in Sources */ = {isa = PBXBuildFile; fileRef = 3A9CE40F25932BD6007DB767 /* PicsumService.swift */; };
		FAAC4E3D25963CB900DD747F /* FavoritesViewController.swift in Sources */ = {isa = PBXBuildFile; fileRef = FAAC4E3C25963CB900DD747F /* FavoritesViewController.swift */; };
		FAAC4E452596409100DD747F /* RandomPictureCell.swift in Sources */ = {isa = PBXBuildFile; fileRef = FAAC4E442596409100DD747F /* RandomPictureCell.swift */; };
		FAAC4E4925978B8C00DD747F /* FavoritedPictureCell.swift in Sources */ = {isa = PBXBuildFile; fileRef = FAAC4E4825978B8C00DD747F /* FavoritedPictureCell.swift */; };
		FAAC4E512598CDF900DD747F /* ImageStorageService.swift in Sources */ = {isa = PBXBuildFile; fileRef = FAAC4E502598CDF900DD747F /* ImageStorageService.swift */; };
		FAAC4E592598D9B000DD747F /* Notification.swift in Sources */ = {isa = PBXBuildFile; fileRef = FAAC4E582598D9B000DD747F /* Notification.swift */; };
/* End PBXBuildFile section */

/* Begin PBXContainerItemProxy section */
		3A9CE3FE25932A79007DB767 /* PBXContainerItemProxy */ = {
			isa = PBXContainerItemProxy;
			containerPortal = 3A9CE3DF25932A75007DB767 /* Project object */;
			proxyType = 1;
			remoteGlobalIDString = 3A9CE3E625932A75007DB767;
			remoteInfo = TestPicsumApp;
		};
/* End PBXContainerItemProxy section */

/* Begin PBXFileReference section */
		3A68F1202596122400D4BB52 /* RandomViewController.swift */ = {isa = PBXFileReference; lastKnownFileType = sourcecode.swift; path = RandomViewController.swift; sourceTree = "<group>"; };
		3A9CE3E725932A75007DB767 /* TestPicsumApp.app */ = {isa = PBXFileReference; explicitFileType = wrapper.application; includeInIndex = 0; path = TestPicsumApp.app; sourceTree = BUILT_PRODUCTS_DIR; };
		3A9CE3EA25932A75007DB767 /* AppDelegate.swift */ = {isa = PBXFileReference; lastKnownFileType = sourcecode.swift; path = AppDelegate.swift; sourceTree = "<group>"; };
		3A9CE3EC25932A75007DB767 /* SceneDelegate.swift */ = {isa = PBXFileReference; lastKnownFileType = sourcecode.swift; path = SceneDelegate.swift; sourceTree = "<group>"; };
		3A9CE3EE25932A75007DB767 /* ViewController.swift */ = {isa = PBXFileReference; lastKnownFileType = sourcecode.swift; path = ViewController.swift; sourceTree = "<group>"; };
		3A9CE3F125932A75007DB767 /* Base */ = {isa = PBXFileReference; lastKnownFileType = file.storyboard; name = Base; path = Base.lproj/Main.storyboard; sourceTree = "<group>"; };
		3A9CE3F325932A79007DB767 /* Assets.xcassets */ = {isa = PBXFileReference; lastKnownFileType = folder.assetcatalog; path = Assets.xcassets; sourceTree = "<group>"; };
		3A9CE3F625932A79007DB767 /* Base */ = {isa = PBXFileReference; lastKnownFileType = file.storyboard; name = Base; path = Base.lproj/LaunchScreen.storyboard; sourceTree = "<group>"; };
		3A9CE3F825932A79007DB767 /* Info.plist */ = {isa = PBXFileReference; lastKnownFileType = text.plist.xml; path = Info.plist; sourceTree = "<group>"; };
		3A9CE3FD25932A79007DB767 /* TestPicsumAppTests.xctest */ = {isa = PBXFileReference; explicitFileType = wrapper.cfbundle; includeInIndex = 0; path = TestPicsumAppTests.xctest; sourceTree = BUILT_PRODUCTS_DIR; };
		3A9CE40125932A79007DB767 /* TestPicsumAppTests.swift */ = {isa = PBXFileReference; lastKnownFileType = sourcecode.swift; path = TestPicsumAppTests.swift; sourceTree = "<group>"; };
		3A9CE40325932A79007DB767 /* Info.plist */ = {isa = PBXFileReference; lastKnownFileType = text.plist.xml; path = Info.plist; sourceTree = "<group>"; };
		3A9CE40C25932B9C007DB767 /* PicsumImage.swift */ = {isa = PBXFileReference; lastKnownFileType = sourcecode.swift; path = PicsumImage.swift; sourceTree = "<group>"; };
		3A9CE40F25932BD6007DB767 /* PicsumService.swift */ = {isa = PBXFileReference; lastKnownFileType = sourcecode.swift; path = PicsumService.swift; sourceTree = "<group>"; };
		FAAC4E3C25963CB900DD747F /* FavoritesViewController.swift */ = {isa = PBXFileReference; lastKnownFileType = sourcecode.swift; path = FavoritesViewController.swift; sourceTree = "<group>"; };
		FAAC4E442596409100DD747F /* RandomPictureCell.swift */ = {isa = PBXFileReference; lastKnownFileType = sourcecode.swift; path = RandomPictureCell.swift; sourceTree = "<group>"; };
		FAAC4E4825978B8C00DD747F /* FavoritedPictureCell.swift */ = {isa = PBXFileReference; lastKnownFileType = sourcecode.swift; path = FavoritedPictureCell.swift; sourceTree = "<group>"; };
		FAAC4E502598CDF900DD747F /* ImageStorageService.swift */ = {isa = PBXFileReference; lastKnownFileType = sourcecode.swift; path = ImageStorageService.swift; sourceTree = "<group>"; };
		FAAC4E582598D9B000DD747F /* Notification.swift */ = {isa = PBXFileReference; lastKnownFileType = sourcecode.swift; path = Notification.swift; sourceTree = "<group>"; };
/* End PBXFileReference section */

/* Begin PBXFrameworksBuildPhase section */
		3A9CE3E425932A75007DB767 /* Frameworks */ = {
			isa = PBXFrameworksBuildPhase;
			buildActionMask = 2147483647;
			files = (
			);
			runOnlyForDeploymentPostprocessing = 0;
		};
		3A9CE3FA25932A79007DB767 /* Frameworks */ = {
			isa = PBXFrameworksBuildPhase;
			buildActionMask = 2147483647;
			files = (
			);
			runOnlyForDeploymentPostprocessing = 0;
		};
/* End PBXFrameworksBuildPhase section */

/* Begin PBXGroup section */
		3A9CE3DE25932A75007DB767 = {
			isa = PBXGroup;
			children = (
				3A9CE3E925932A75007DB767 /* TestPicsumApp */,
				3A9CE40025932A79007DB767 /* TestPicsumAppTests */,
				3A9CE3E825932A75007DB767 /* Products */,
			);
			sourceTree = "<group>";
		};
		3A9CE3E825932A75007DB767 /* Products */ = {
			isa = PBXGroup;
			children = (
				3A9CE3E725932A75007DB767 /* TestPicsumApp.app */,
				3A9CE3FD25932A79007DB767 /* TestPicsumAppTests.xctest */,
			);
			name = Products;
			sourceTree = "<group>";
		};
		3A9CE3E925932A75007DB767 /* TestPicsumApp */ = {
			isa = PBXGroup;
			children = (
				3A9CE41125934DED007DB767 /* Extensions */,
				3A9CE40E25932BA4007DB767 /* Service */,
				FAAC4E3725963C3400DD747F /* PicturesControllers */,
				3A9CE3EA25932A75007DB767 /* AppDelegate.swift */,
				3A9CE3EC25932A75007DB767 /* SceneDelegate.swift */,
				3A9CE3EE25932A75007DB767 /* ViewController.swift */,
				3A9CE3F025932A75007DB767 /* Main.storyboard */,
				3A9CE3F325932A79007DB767 /* Assets.xcassets */,
				3A9CE3F525932A79007DB767 /* LaunchScreen.storyboard */,
				3A9CE3F825932A79007DB767 /* Info.plist */,
			);
			path = TestPicsumApp;
			sourceTree = "<group>";
		};
		3A9CE40025932A79007DB767 /* TestPicsumAppTests */ = {
			isa = PBXGroup;
			children = (
				3A9CE40125932A79007DB767 /* TestPicsumAppTests.swift */,
				3A9CE40325932A79007DB767 /* Info.plist */,
			);
			path = TestPicsumAppTests;
			sourceTree = "<group>";
		};
		3A9CE40E25932BA4007DB767 /* Service */ = {
			isa = PBXGroup;
			children = (
				3A9CE41225934F8D007DB767 /* Models */,
				3A9CE40F25932BD6007DB767 /* PicsumService.swift */,
				FAAC4E502598CDF900DD747F /* ImageStorageService.swift */,
			);
			path = Service;
			sourceTree = "<group>";
		};
		3A9CE41125934DED007DB767 /* Extensions */ = {
			isa = PBXGroup;
			children = (
				FAAC4E582598D9B000DD747F /* Notification.swift */,
			);
			path = Extensions;
			sourceTree = "<group>";
		};
		3A9CE41225934F8D007DB767 /* Models */ = {
			isa = PBXGroup;
			children = (
				3A9CE40C25932B9C007DB767 /* PicsumImage.swift */,
			);
			path = Models;
			sourceTree = "<group>";
		};
		FAAC4E3725963C3400DD747F /* PicturesControllers */ = {
			isa = PBXGroup;
			children = (
				3A68F1202596122400D4BB52 /* RandomViewController.swift */,
				FAAC4E442596409100DD747F /* RandomPictureCell.swift */,
				FAAC4E3C25963CB900DD747F /* FavoritesViewController.swift */,
				FAAC4E4825978B8C00DD747F /* FavoritedPictureCell.swift */,
			);
			path = PicturesControllers;
			sourceTree = "<group>";
		};
/* End PBXGroup section */

/* Begin PBXNativeTarget section */
		3A9CE3E625932A75007DB767 /* TestPicsumApp */ = {
			isa = PBXNativeTarget;
			buildConfigurationList = 3A9CE40625932A79007DB767 /* Build configuration list for PBXNativeTarget "TestPicsumApp" */;
			buildPhases = (
				3A9CE3E325932A75007DB767 /* Sources */,
				3A9CE3E425932A75007DB767 /* Frameworks */,
				3A9CE3E525932A75007DB767 /* Resources */,
			);
			buildRules = (
			);
			dependencies = (
			);
			name = TestPicsumApp;
			productName = TestPicsumApp;
			productReference = 3A9CE3E725932A75007DB767 /* TestPicsumApp.app */;
			productType = "com.apple.product-type.application";
		};
		3A9CE3FC25932A79007DB767 /* TestPicsumAppTests */ = {
			isa = PBXNativeTarget;
			buildConfigurationList = 3A9CE40925932A79007DB767 /* Build configuration list for PBXNativeTarget "TestPicsumAppTests" */;
			buildPhases = (
				3A9CE3F925932A79007DB767 /* Sources */,
				3A9CE3FA25932A79007DB767 /* Frameworks */,
				3A9CE3FB25932A79007DB767 /* Resources */,
			);
			buildRules = (
			);
			dependencies = (
				3A9CE3FF25932A79007DB767 /* PBXTargetDependency */,
			);
			name = TestPicsumAppTests;
			productName = TestPicsumAppTests;
			productReference = 3A9CE3FD25932A79007DB767 /* TestPicsumAppTests.xctest */;
			productType = "com.apple.product-type.bundle.unit-test";
		};
/* End PBXNativeTarget section */

/* Begin PBXProject section */
		3A9CE3DF25932A75007DB767 /* Project object */ = {
			isa = PBXProject;
			attributes = {
				LastSwiftUpdateCheck = 1150;
				LastUpgradeCheck = 1230;
				ORGANIZATIONNAME = "Давид Михайлов";
				TargetAttributes = {
					3A9CE3E625932A75007DB767 = {
						CreatedOnToolsVersion = 11.5;
					};
					3A9CE3FC25932A79007DB767 = {
						CreatedOnToolsVersion = 11.5;
						TestTargetID = 3A9CE3E625932A75007DB767;
					};
				};
			};
			buildConfigurationList = 3A9CE3E225932A75007DB767 /* Build configuration list for PBXProject "TestPicsumApp" */;
			compatibilityVersion = "Xcode 9.3";
			developmentRegion = en;
			hasScannedForEncodings = 0;
			knownRegions = (
				en,
				Base,
			);
			mainGroup = 3A9CE3DE25932A75007DB767;
			productRefGroup = 3A9CE3E825932A75007DB767 /* Products */;
			projectDirPath = "";
			projectRoot = "";
			targets = (
				3A9CE3E625932A75007DB767 /* TestPicsumApp */,
				3A9CE3FC25932A79007DB767 /* TestPicsumAppTests */,
			);
		};
/* End PBXProject section */

/* Begin PBXResourcesBuildPhase section */
		3A9CE3E525932A75007DB767 /* Resources */ = {
			isa = PBXResourcesBuildPhase;
			buildActionMask = 2147483647;
			files = (
				3A9CE3F725932A79007DB767 /* LaunchScreen.storyboard in Resources */,
				3A9CE3F425932A79007DB767 /* Assets.xcassets in Resources */,
				3A9CE3F225932A75007DB767 /* Main.storyboard in Resources */,
			);
			runOnlyForDeploymentPostprocessing = 0;
		};
		3A9CE3FB25932A79007DB767 /* Resources */ = {
			isa = PBXResourcesBuildPhase;
			buildActionMask = 2147483647;
			files = (
			);
			runOnlyForDeploymentPostprocessing = 0;
		};
/* End PBXResourcesBuildPhase section */

/* Begin PBXSourcesBuildPhase section */
		3A9CE3E325932A75007DB767 /* Sources */ = {
			isa = PBXSourcesBuildPhase;
			buildActionMask = 2147483647;
			files = (
				3A68F1212596122400D4BB52 /* RandomViewController.swift in Sources */,
				FAAC4E452596409100DD747F /* RandomPictureCell.swift in Sources */,
				3A9CE40D25932B9C007DB767 /* PicsumImage.swift in Sources */,
				FAAC4E512598CDF900DD747F /* ImageStorageService.swift in Sources */,
				3A9CE3EF25932A75007DB767 /* ViewController.swift in Sources */,
				FAAC4E3D25963CB900DD747F /* FavoritesViewController.swift in Sources */,
				3A9CE3EB25932A75007DB767 /* AppDelegate.swift in Sources */,
				FAAC4E592598D9B000DD747F /* Notification.swift in Sources */,
				3A9CE41025932BD6007DB767 /* PicsumService.swift in Sources */,
				FAAC4E4925978B8C00DD747F /* FavoritedPictureCell.swift in Sources */,
				3A9CE3ED25932A75007DB767 /* SceneDelegate.swift in Sources */,
			);
			runOnlyForDeploymentPostprocessing = 0;
		};
		3A9CE3F925932A79007DB767 /* Sources */ = {
			isa = PBXSourcesBuildPhase;
			buildActionMask = 2147483647;
			files = (
				3A9CE40225932A79007DB767 /* TestPicsumAppTests.swift in Sources */,
			);
			runOnlyForDeploymentPostprocessing = 0;
		};
/* End PBXSourcesBuildPhase section */

/* Begin PBXTargetDependency section */
		3A9CE3FF25932A79007DB767 /* PBXTargetDependency */ = {
			isa = PBXTargetDependency;
			target = 3A9CE3E625932A75007DB767 /* TestPicsumApp */;
			targetProxy = 3A9CE3FE25932A79007DB767 /* PBXContainerItemProxy */;
		};
/* End PBXTargetDependency section */

/* Begin PBXVariantGroup section */
		3A9CE3F025932A75007DB767 /* Main.storyboard */ = {
			isa = PBXVariantGroup;
			children = (
				3A9CE3F125932A75007DB767 /* Base */,
			);
			name = Main.storyboard;
			sourceTree = "<group>";
		};
		3A9CE3F525932A79007DB767 /* LaunchScreen.storyboard */ = {
			isa = PBXVariantGroup;
			children = (
				3A9CE3F625932A79007DB767 /* Base */,
			);
			name = LaunchScreen.storyboard;
			sourceTree = "<group>";
		};
/* End PBXVariantGroup section */

/* Begin XCBuildConfiguration section */
		3A9CE40425932A79007DB767 /* Debug */ = {
			isa = XCBuildConfiguration;
			buildSettings = {
				ALWAYS_SEARCH_USER_PATHS = NO;
				CLANG_ANALYZER_NONNULL = YES;
				CLANG_ANALYZER_NUMBER_OBJECT_CONVERSION = YES_AGGRESSIVE;
				CLANG_CXX_LANGUAGE_STANDARD = "gnu++14";
				CLANG_CXX_LIBRARY = "libc++";
				CLANG_ENABLE_MODULES = YES;
				CLANG_ENABLE_OBJC_ARC = YES;
				CLANG_ENABLE_OBJC_WEAK = YES;
				CLANG_WARN_BLOCK_CAPTURE_AUTORELEASING = YES;
				CLANG_WARN_BOOL_CONVERSION = YES;
				CLANG_WARN_COMMA = YES;
				CLANG_WARN_CONSTANT_CONVERSION = YES;
				CLANG_WARN_DEPRECATED_OBJC_IMPLEMENTATIONS = YES;
				CLANG_WARN_DIRECT_OBJC_ISA_USAGE = YES_ERROR;
				CLANG_WARN_DOCUMENTATION_COMMENTS = YES;
				CLANG_WARN_EMPTY_BODY = YES;
				CLANG_WARN_ENUM_CONVERSION = YES;
				CLANG_WARN_INFINITE_RECURSION = YES;
				CLANG_WARN_INT_CONVERSION = YES;
				CLANG_WARN_NON_LITERAL_NULL_CONVERSION = YES;
				CLANG_WARN_OBJC_IMPLICIT_RETAIN_SELF = YES;
				CLANG_WARN_OBJC_LITERAL_CONVERSION = YES;
				CLANG_WARN_OBJC_ROOT_CLASS = YES_ERROR;
				CLANG_WARN_QUOTED_INCLUDE_IN_FRAMEWORK_HEADER = YES;
				CLANG_WARN_RANGE_LOOP_ANALYSIS = YES;
				CLANG_WARN_STRICT_PROTOTYPES = YES;
				CLANG_WARN_SUSPICIOUS_MOVE = YES;
				CLANG_WARN_UNGUARDED_AVAILABILITY = YES_AGGRESSIVE;
				CLANG_WARN_UNREACHABLE_CODE = YES;
				CLANG_WARN__DUPLICATE_METHOD_MATCH = YES;
				COPY_PHASE_STRIP = NO;
				DEBUG_INFORMATION_FORMAT = dwarf;
				ENABLE_STRICT_OBJC_MSGSEND = YES;
				ENABLE_TESTABILITY = YES;
				GCC_C_LANGUAGE_STANDARD = gnu11;
				GCC_DYNAMIC_NO_PIC = NO;
				GCC_NO_COMMON_BLOCKS = YES;
				GCC_OPTIMIZATION_LEVEL = 0;
				GCC_PREPROCESSOR_DEFINITIONS = (
					"DEBUG=1",
					"$(inherited)",
				);
				GCC_WARN_64_TO_32_BIT_CONVERSION = YES;
				GCC_WARN_ABOUT_RETURN_TYPE = YES_ERROR;
				GCC_WARN_UNDECLARED_SELECTOR = YES;
				GCC_WARN_UNINITIALIZED_AUTOS = YES_AGGRESSIVE;
				GCC_WARN_UNUSED_FUNCTION = YES;
				GCC_WARN_UNUSED_VARIABLE = YES;
				IPHONEOS_DEPLOYMENT_TARGET = 13.5;
				MTL_ENABLE_DEBUG_INFO = INCLUDE_SOURCE;
				MTL_FAST_MATH = YES;
				ONLY_ACTIVE_ARCH = YES;
				SDKROOT = iphoneos;
				SWIFT_ACTIVE_COMPILATION_CONDITIONS = DEBUG;
				SWIFT_OPTIMIZATION_LEVEL = "-Onone";
			};
			name = Debug;
		};
		3A9CE40525932A79007DB767 /* Release */ = {
			isa = XCBuildConfiguration;
			buildSettings = {
				ALWAYS_SEARCH_USER_PATHS = NO;
				CLANG_ANALYZER_NONNULL = YES;
				CLANG_ANALYZER_NUMBER_OBJECT_CONVERSION = YES_AGGRESSIVE;
				CLANG_CXX_LANGUAGE_STANDARD = "gnu++14";
				CLANG_CXX_LIBRARY = "libc++";
				CLANG_ENABLE_MODULES = YES;
				CLANG_ENABLE_OBJC_ARC = YES;
				CLANG_ENABLE_OBJC_WEAK = YES;
				CLANG_WARN_BLOCK_CAPTURE_AUTORELEASING = YES;
				CLANG_WARN_BOOL_CONVERSION = YES;
				CLANG_WARN_COMMA = YES;
				CLANG_WARN_CONSTANT_CONVERSION = YES;
				CLANG_WARN_DEPRECATED_OBJC_IMPLEMENTATIONS = YES;
				CLANG_WARN_DIRECT_OBJC_ISA_USAGE = YES_ERROR;
				CLANG_WARN_DOCUMENTATION_COMMENTS = YES;
				CLANG_WARN_EMPTY_BODY = YES;
				CLANG_WARN_ENUM_CONVERSION = YES;
				CLANG_WARN_INFINITE_RECURSION = YES;
				CLANG_WARN_INT_CONVERSION = YES;
				CLANG_WARN_NON_LITERAL_NULL_CONVERSION = YES;
				CLANG_WARN_OBJC_IMPLICIT_RETAIN_SELF = YES;
				CLANG_WARN_OBJC_LITERAL_CONVERSION = YES;
				CLANG_WARN_OBJC_ROOT_CLASS = YES_ERROR;
				CLANG_WARN_QUOTED_INCLUDE_IN_FRAMEWORK_HEADER = YES;
				CLANG_WARN_RANGE_LOOP_ANALYSIS = YES;
				CLANG_WARN_STRICT_PROTOTYPES = YES;
				CLANG_WARN_SUSPICIOUS_MOVE = YES;
				CLANG_WARN_UNGUARDED_AVAILABILITY = YES_AGGRESSIVE;
				CLANG_WARN_UNREACHABLE_CODE = YES;
				CLANG_WARN__DUPLICATE_METHOD_MATCH = YES;
				COPY_PHASE_STRIP = NO;
				DEBUG_INFORMATION_FORMAT = "dwarf-with-dsym";
				ENABLE_NS_ASSERTIONS = NO;
				ENABLE_STRICT_OBJC_MSGSEND = YES;
				GCC_C_LANGUAGE_STANDARD = gnu11;
				GCC_NO_COMMON_BLOCKS = YES;
				GCC_WARN_64_TO_32_BIT_CONVERSION = YES;
				GCC_WARN_ABOUT_RETURN_TYPE = YES_ERROR;
				GCC_WARN_UNDECLARED_SELECTOR = YES;
				GCC_WARN_UNINITIALIZED_AUTOS = YES_AGGRESSIVE;
				GCC_WARN_UNUSED_FUNCTION = YES;
				GCC_WARN_UNUSED_VARIABLE = YES;
				IPHONEOS_DEPLOYMENT_TARGET = 13.5;
				MTL_ENABLE_DEBUG_INFO = NO;
				MTL_FAST_MATH = YES;
				SDKROOT = iphoneos;
				SWIFT_COMPILATION_MODE = wholemodule;
				SWIFT_OPTIMIZATION_LEVEL = "-O";
				VALIDATE_PRODUCT = YES;
			};
			name = Release;
		};
		3A9CE40725932A79007DB767 /* Debug */ = {
			isa = XCBuildConfiguration;
			buildSettings = {
				ASSETCATALOG_COMPILER_APPICON_NAME = AppIcon;
				CODE_SIGN_STYLE = Automatic;
				DEVELOPMENT_TEAM = X84H3LFA4V;
				INFOPLIST_FILE = TestPicsumApp/Info.plist;
				LD_RUNPATH_SEARCH_PATHS = (
					"$(inherited)",
					"@executable_path/Frameworks",
				);
				PRODUCT_BUNDLE_IDENTIFIER = com.davidMikhailov.TestPicsumApp;
				PRODUCT_NAME = "$(TARGET_NAME)";
				SWIFT_VERSION = 5.0;
				TARGETED_DEVICE_FAMILY = "1,2";
			};
			name = Debug;
		};
		3A9CE40825932A79007DB767 /* Release */ = {
			isa = XCBuildConfiguration;
			buildSettings = {
				ASSETCATALOG_COMPILER_APPICON_NAME = AppIcon;
				CODE_SIGN_STYLE = Automatic;
				DEVELOPMENT_TEAM = X84H3LFA4V;
				INFOPLIST_FILE = TestPicsumApp/Info.plist;
				LD_RUNPATH_SEARCH_PATHS = (
					"$(inherited)",
					"@executable_path/Frameworks",
				);
				PRODUCT_BUNDLE_IDENTIFIER = com.davidMikhailov.TestPicsumApp;
				PRODUCT_NAME = "$(TARGET_NAME)";
				SWIFT_VERSION = 5.0;
				TARGETED_DEVICE_FAMILY = "1,2";
			};
			name = Release;
		};
		3A9CE40A25932A79007DB767 /* Debug */ = {
			isa = XCBuildConfiguration;
			buildSettings = {
				ALWAYS_EMBED_SWIFT_STANDARD_LIBRARIES = YES;
				BUNDLE_LOADER = "$(TEST_HOST)";
				CODE_SIGN_STYLE = Automatic;
				DEVELOPMENT_TEAM = X84H3LFA4V;
				INFOPLIST_FILE = TestPicsumAppTests/Info.plist;
				IPHONEOS_DEPLOYMENT_TARGET = 13.5;
				LD_RUNPATH_SEARCH_PATHS = (
					"$(inherited)",
					"@executable_path/Frameworks",
					"@loader_path/Frameworks",
				);
				PRODUCT_BUNDLE_IDENTIFIER = com.davidMikhailov.TestPicsumAppTests;
				PRODUCT_NAME = "$(TARGET_NAME)";
				SWIFT_VERSION = 5.0;
				TARGETED_DEVICE_FAMILY = "1,2";
				TEST_HOST = "$(BUILT_PRODUCTS_DIR)/TestPicsumApp.app/TestPicsumApp";
			};
			name = Debug;
		};
		3A9CE40B25932A79007DB767 /* Release */ = {
			isa = XCBuildConfiguration;
			buildSettings = {
				ALWAYS_EMBED_SWIFT_STANDARD_LIBRARIES = YES;
				BUNDLE_LOADER = "$(TEST_HOST)";
				CODE_SIGN_STYLE = Automatic;
				DEVELOPMENT_TEAM = X84H3LFA4V;
				INFOPLIST_FILE = TestPicsumAppTests/Info.plist;
				IPHONEOS_DEPLOYMENT_TARGET = 13.5;
				LD_RUNPATH_SEARCH_PATHS = (
					"$(inherited)",
					"@executable_path/Frameworks",
					"@loader_path/Frameworks",
				);
				PRODUCT_BUNDLE_IDENTIFIER = com.davidMikhailov.TestPicsumAppTests;
				PRODUCT_NAME = "$(TARGET_NAME)";
				SWIFT_VERSION = 5.0;
				TARGETED_DEVICE_FAMILY = "1,2";
				TEST_HOST = "$(BUILT_PRODUCTS_DIR)/TestPicsumApp.app/TestPicsumApp";
			};
			name = Release;
		};
/* End XCBuildConfiguration section */

/* Begin XCConfigurationList section */
		3A9CE3E225932A75007DB767 /* Build configuration list for PBXProject "TestPicsumApp" */ = {
			isa = XCConfigurationList;
			buildConfigurations = (
				3A9CE40425932A79007DB767 /* Debug */,
				3A9CE40525932A79007DB767 /* Release */,
			);
			defaultConfigurationIsVisible = 0;
			defaultConfigurationName = Release;
		};
		3A9CE40625932A79007DB767 /* Build configuration list for PBXNativeTarget "TestPicsumApp" */ = {
			isa = XCConfigurationList;
			buildConfigurations = (
				3A9CE40725932A79007DB767 /* Debug */,
				3A9CE40825932A79007DB767 /* Release */,
			);
			defaultConfigurationIsVisible = 0;
			defaultConfigurationName = Release;
		};
		3A9CE40925932A79007DB767 /* Build configuration list for PBXNativeTarget "TestPicsumAppTests" */ = {
			isa = XCConfigurationList;
			buildConfigurations = (
				3A9CE40A25932A79007DB767 /* Debug */,
				3A9CE40B25932A79007DB767 /* Release */,
			);
			defaultConfigurationIsVisible = 0;
			defaultConfigurationName = Release;
		};
/* End XCConfigurationList section */
	};
	rootObject = 3A9CE3DF25932A75007DB767 /* Project object */;
}
